
Microsoft Visual Studio Solution File, Format Version 12.00
# Visual Studio Version 17
VisualStudioVersion = 17.8.34330.188
MinimumVisualStudioVersion = 10.0.40219.1
Project("{9A19103F-16F7-4668-BE54-9A1E7A4F7556}") = "Swim.App", "Swim.App\Swim.App.csproj", "{23F19503-791E-4B9D-ABBC-581E03B875D2}"
EndProject
Project("{9A19103F-16F7-4668-BE54-9A1E7A4F7556}") = "Swim.Shared", "Swim.Shared\Swim.Shared.csproj", "{FE825A4A-9688-4379-A850-0D7A5908F591}"
EndProject
Project("{9A19103F-16F7-4668-BE54-9A1E7A4F7556}") = "Swim.Api", "Swim.Api\Swim.Api.csproj", "{F49123B4-9FA4-4B38-B0FC-49B2CD231CCB}"
EndProject
Global
	GlobalSection(SolutionConfigurationPlatforms) = preSolution
		Debug|Any CPU = Debug|Any CPU
		Release|Any CPU = Release|Any CPU
	EndGlobalSection
	GlobalSection(ProjectConfigurationPlatforms) = postSolution
		{23F19503-791E-4B9D-ABBC-581E03B875D2}.Debug|Any CPU.ActiveCfg = Debug|Any CPU
		{23F19503-791E-4B9D-ABBC-581E03B875D2}.Debug|Any CPU.Build.0 = Debug|Any CPU
		{23F19503-791E-4B9D-ABBC-581E03B875D2}.Release|Any CPU.ActiveCfg = Release|Any CPU
		{23F19503-791E-4B9D-ABBC-581E03B875D2}.Release|Any CPU.Build.0 = Release|Any CPU
		{FE825A4A-9688-4379-A850-0D7A5908F591}.Debug|Any CPU.ActiveCfg = Debug|Any CPU
		{FE825A4A-9688-4379-A850-0D7A5908F591}.Debug|Any CPU.Build.0 = Debug|Any CPU
		{FE825A4A-9688-4379-A850-0D7A5908F591}.Release|Any CPU.ActiveCfg = Release|Any CPU
		{FE825A4A-9688-4379-A850-0D7A5908F591}.Release|Any CPU.Build.0 = Release|Any CPU
		{F49123B4-9FA4-4B38-B0FC-49B2CD231CCB}.Debug|Any CPU.ActiveCfg = Debug|Any CPU
		{F49123B4-9FA4-4B38-B0FC-49B2CD231CCB}.Debug|Any CPU.Build.0 = Debug|Any CPU
		{F49123B4-9FA4-4B38-B0FC-49B2CD231CCB}.Release|Any CPU.ActiveCfg = Release|Any CPU
		{F49123B4-9FA4-4B38-B0FC-49B2CD231CCB}.Release|Any CPU.Build.0 = Release|Any CPU
	EndGlobalSection
	GlobalSection(SolutionProperties) = preSolution
		HideSolutionNode = FALSE
	EndGlobalSection
	GlobalSection(ExtensibilityGlobals) = postSolution
		SolutionGuid = {D8D0EEBD-BCB6-4E7E-936A-F93F8A4FD216}
	EndGlobalSection
EndGlobal
